
Microsoft Visual Studio Solution File, Format Version 12.00
# Visual Studio Version 17
VisualStudioVersion = 17.14.36221.1 d17.14
MinimumVisualStudioVersion = 10.0.40219.1
Project("{FAE04EC0-301F-11D3-BF4B-00C04F79EFBC}") = "Demo C# S05", "Demo C# S05\Demo C# S05.csproj", "{D6366F34-FB4C-45B0-9838-5A928E42240E}"
EndProject
Global
	GlobalSection(SolutionConfigurationPlatforms) = preSolution
		Debug|Any CPU = Debug|Any CPU
		Release|Any CPU = Release|Any CPU
	EndGlobalSection
	GlobalSection(ProjectConfigurationPlatforms) = postSolution
		{D6366F34-FB4C-45B0-9838-5A928E42240E}.Debug|Any CPU.ActiveCfg = Debug|Any CPU
		{D6366F34-FB4C-45B0-9838-5A928E42240E}.Debug|Any CPU.Build.0 = Debug|Any CPU
		{D6366F34-FB4C-45B0-9838-5A928E42240E}.Release|Any CPU.ActiveCfg = Release|Any CPU
		{D6366F34-FB4C-45B0-9838-5A928E42240E}.Release|Any CPU.Build.0 = Release|Any CPU
	EndGlobalSection
	GlobalSection(SolutionProperties) = preSolution
		HideSolutionNode = FALSE
	EndGlobalSection
	GlobalSection(ExtensibilityGlobals) = postSolution
		SolutionGuid = {483FB91B-8E73-4FB8-9528-38A8417FBD62}
	EndGlobalSection
EndGlobal
